// !$*UTF8*$!
{
	archiveVersion = 1;
	classes = {
	};
	objectVersion = 55;
	objects = {

/* Begin PBXBuildFile section */
		C283C5E0282220E1000881C5 /* AppDelegate.swift in Sources */ = {isa = PBXBuildFile; fileRef = C283C5DF282220E1000881C5 /* AppDelegate.swift */; };
		C283C5E2282220E1000881C5 /* SceneDelegate.swift in Sources */ = {isa = PBXBuildFile; fileRef = C283C5E1282220E1000881C5 /* SceneDelegate.swift */; };
		C283C5E4282220E1000881C5 /* ViewController.swift in Sources */ = {isa = PBXBuildFile; fileRef = C283C5E3282220E1000881C5 /* ViewController.swift */; };
		C283C5E7282220E1000881C5 /* Main.storyboard in Resources */ = {isa = PBXBuildFile; fileRef = C283C5E5282220E1000881C5 /* Main.storyboard */; };
		C283C5E9282220E3000881C5 /* Assets.xcassets in Resources */ = {isa = PBXBuildFile; fileRef = C283C5E8282220E3000881C5 /* Assets.xcassets */; };
		C283C5EC282220E3000881C5 /* LaunchScreen.storyboard in Resources */ = {isa = PBXBuildFile; fileRef = C283C5EA282220E3000881C5 /* LaunchScreen.storyboard */; };
		C283C5F528222297000881C5 /* SHMarqueeView.swift in Sources */ = {isa = PBXBuildFile; fileRef = C283C5F428222297000881C5 /* SHMarqueeView.swift */; };
/* End PBXBuildFile section */

/* Begin PBXFileReference section */
		C283C5DC282220E1000881C5 /* iOS-MarqueeView.app */ = {isa = PBXFileReference; explicitFileType = wrapper.application; includeInIndex = 0; path = "iOS-MarqueeView.app"; sourceTree = BUILT_PRODUCTS_DIR; };
		C283C5DF282220E1000881C5 /* AppDelegate.swift */ = {isa = PBXFileReference; lastKnownFileType = sourcecode.swift; path = AppDelegate.swift; sourceTree = "<group>"; };
		C283C5E1282220E1000881C5 /* SceneDelegate.swift */ = {isa = PBXFileReference; lastKnownFileType = sourcecode.swift; path = SceneDelegate.swift; sourceTree = "<group>"; };
		C283C5E3282220E1000881C5 /* ViewController.swift */ = {isa = PBXFileReference; lastKnownFileType = sourcecode.swift; path = ViewController.swift; sourceTree = "<group>"; };
		C283C5E6282220E1000881C5 /* Base */ = {isa = PBXFileReference; lastKnownFileType = file.storyboard; name = Base; path = Base.lproj/Main.storyboard; sourceTree = "<group>"; };
		C283C5E8282220E3000881C5 /* Assets.xcassets */ = {isa = PBXFileReference; lastKnownFileType = folder.assetcatalog; path = Assets.xcassets; sourceTree = "<group>"; };
		C283C5EB282220E3000881C5 /* Base */ = {isa = PBXFileReference; lastKnownFileType = file.storyboard; name = Base; path = Base.lproj/LaunchScreen.storyboard; sourceTree = "<group>"; };
		C283C5ED282220E3000881C5 /* Info.plist */ = {isa = PBXFileReference; lastKnownFileType = text.plist.xml; path = Info.plist; sourceTree = "<group>"; };
		C283C5F428222297000881C5 /* SHMarqueeView.swift */ = {isa = PBXFileReference; lastKnownFileType = sourcecode.swift; path = SHMarqueeView.swift; sourceTree = "<group>"; };
/* End PBXFileReference section */

/* Begin PBXFrameworksBuildPhase section */
		C283C5D9282220E1000881C5 /* Frameworks */ = {
			isa = PBXFrameworksBuildPhase;
			buildActionMask = 2147483647;
			files = (
			);
			runOnlyForDeploymentPostprocessing = 0;
		};
/* End PBXFrameworksBuildPhase section */

/* Begin PBXGroup section */
		C283C5D3282220E1000881C5 = {
			isa = PBXGroup;
			children = (
				C283C5DE282220E1000881C5 /* iOS-MarqueeView */,
				C283C5DD282220E1000881C5 /* Products */,
			);
			sourceTree = "<group>";
		};
		C283C5DD282220E1000881C5 /* Products */ = {
			isa = PBXGroup;
			children = (
				C283C5DC282220E1000881C5 /* iOS-MarqueeView.app */,
			);
			name = Products;
			sourceTree = "<group>";
		};
		C283C5DE282220E1000881C5 /* iOS-MarqueeView */ = {
			isa = PBXGroup;
			children = (
				C283C5F328222254000881C5 /* MarqueeView */,
				C283C5DF282220E1000881C5 /* AppDelegate.swift */,
				C283C5E1282220E1000881C5 /* SceneDelegate.swift */,
				C283C5E3282220E1000881C5 /* ViewController.swift */,
				C283C5E5282220E1000881C5 /* Main.storyboard */,
				C283C5E8282220E3000881C5 /* Assets.xcassets */,
				C283C5EA282220E3000881C5 /* LaunchScreen.storyboard */,
				C283C5ED282220E3000881C5 /* Info.plist */,
			);
			path = "iOS-MarqueeView";
			sourceTree = "<group>";
		};
		C283C5F328222254000881C5 /* MarqueeView */ = {
			isa = PBXGroup;
			children = (
				C283C5F428222297000881C5 /* SHMarqueeView.swift */,
			);
			path = MarqueeView;
			sourceTree = "<group>";
		};
/* End PBXGroup section */

/* Begin PBXNativeTarget section */
		C283C5DB282220E1000881C5 /* iOS-MarqueeView */ = {
			isa = PBXNativeTarget;
			buildConfigurationList = C283C5F0282220E3000881C5 /* Build configuration list for PBXNativeTarget "iOS-MarqueeView" */;
			buildPhases = (
				C283C5D8282220E1000881C5 /* Sources */,
				C283C5D9282220E1000881C5 /* Frameworks */,
				C283C5DA282220E1000881C5 /* Resources */,
			);
			buildRules = (
			);
			dependencies = (
			);
			name = "iOS-MarqueeView";
			productName = "iOS-MarqueeView";
			productReference = C283C5DC282220E1000881C5 /* iOS-MarqueeView.app */;
			productType = "com.apple.product-type.application";
		};
/* End PBXNativeTarget section */

/* Begin PBXProject section */
		C283C5D4282220E1000881C5 /* Project object */ = {
			isa = PBXProject;
			attributes = {
				BuildIndependentTargetsInParallel = 1;
				LastSwiftUpdateCheck = 1300;
				LastUpgradeCheck = 1300;
				TargetAttributes = {
					C283C5DB282220E1000881C5 = {
						CreatedOnToolsVersion = 13.0;
					};
				};
			};
			buildConfigurationList = C283C5D7282220E1000881C5 /* Build configuration list for PBXProject "iOS-MarqueeView" */;
			compatibilityVersion = "Xcode 13.0";
			developmentRegion = en;
			hasScannedForEncodings = 0;
			knownRegions = (
				en,
				Base,
			);
			mainGroup = C283C5D3282220E1000881C5;
			productRefGroup = C283C5DD282220E1000881C5 /* Products */;
			projectDirPath = "";
			projectRoot = "";
			targets = (
				C283C5DB282220E1000881C5 /* iOS-MarqueeView */,
			);
		};
/* End PBXProject section */

/* Begin PBXResourcesBuildPhase section */
		C283C5DA282220E1000881C5 /* Resources */ = {
			isa = PBXResourcesBuildPhase;
			buildActionMask = 2147483647;
			files = (
				C283C5EC282220E3000881C5 /* LaunchScreen.storyboard in Resources */,
				C283C5E9282220E3000881C5 /* Assets.xcassets in Resources */,
				C283C5E7282220E1000881C5 /* Main.storyboard in Resources */,
			);
			runOnlyForDeploymentPostprocessing = 0;
		};
/* End PBXResourcesBuildPhase section */

/* Begin PBXSourcesBuildPhase section */
		C283C5D8282220E1000881C5 /* Sources */ = {
			isa = PBXSourcesBuildPhase;
			buildActionMask = 2147483647;
			files = (
				C283C5F528222297000881C5 /* SHMarqueeView.swift in Sources */,
				C283C5E4282220E1000881C5 /* ViewController.swift in Sources */,
				C283C5E0282220E1000881C5 /* AppDelegate.swift in Sources */,
				C283C5E2282220E1000881C5 /* SceneDelegate.swift in Sources */,
			);
			runOnlyForDeploymentPostprocessing = 0;
		};
/* End PBXSourcesBuildPhase section */

/* Begin PBXVariantGroup section */
		C283C5E5282220E1000881C5 /* Main.storyboard */ = {
			isa = PBXVariantGroup;
			children = (
				C283C5E6282220E1000881C5 /* Base */,
			);
			name = Main.storyboard;
			sourceTree = "<group>";
		};
		C283C5EA282220E3000881C5 /* LaunchScreen.storyboard */ = {
			isa = PBXVariantGroup;
			children = (
				C283C5EB282220E3000881C5 /* Base */,
			);
			name = LaunchScreen.storyboard;
			sourceTree = "<group>";
		};
/* End PBXVariantGroup section */

/* Begin XCBuildConfiguration section */
		C283C5EE282220E3000881C5 /* Debug */ = {
			isa = XCBuildConfiguration;
			buildSettings = {
				ALWAYS_SEARCH_USER_PATHS = NO;
				CLANG_ANALYZER_NONNULL = YES;
				CLANG_ANALYZER_NUMBER_OBJECT_CONVERSION = YES_AGGRESSIVE;
				CLANG_CXX_LANGUAGE_STANDARD = "gnu++17";
				CLANG_CXX_LIBRARY = "libc++";
				CLANG_ENABLE_MODULES = YES;
				CLANG_ENABLE_OBJC_ARC = YES;
				CLANG_ENABLE_OBJC_WEAK = YES;
				CLANG_WARN_BLOCK_CAPTURE_AUTORELEASING = YES;
				CLANG_WARN_BOOL_CONVERSION = YES;
				CLANG_WARN_COMMA = YES;
				CLANG_WARN_CONSTANT_CONVERSION = YES;
				CLANG_WARN_DEPRECATED_OBJC_IMPLEMENTATIONS = YES;
				CLANG_WARN_DIRECT_OBJC_ISA_USAGE = YES_ERROR;
				CLANG_WARN_DOCUMENTATION_COMMENTS = YES;
				CLANG_WARN_EMPTY_BODY = YES;
				CLANG_WARN_ENUM_CONVERSION = YES;
				CLANG_WARN_INFINITE_RECURSION = YES;
				CLANG_WARN_INT_CONVERSION = YES;
				CLANG_WARN_NON_LITERAL_NULL_CONVERSION = YES;
				CLANG_WARN_OBJC_IMPLICIT_RETAIN_SELF = YES;
				CLANG_WARN_OBJC_LITERAL_CONVERSION = YES;
				CLANG_WARN_OBJC_ROOT_CLASS = YES_ERROR;
				CLANG_WARN_QUOTED_INCLUDE_IN_FRAMEWORK_HEADER = YES;
				CLANG_WARN_RANGE_LOOP_ANALYSIS = YES;
				CLANG_WARN_STRICT_PROTOTYPES = YES;
				CLANG_WARN_SUSPICIOUS_MOVE = YES;
				CLANG_WARN_UNGUARDED_AVAILABILITY = YES_AGGRESSIVE;
				CLANG_WARN_UNREACHABLE_CODE = YES;
				CLANG_WARN__DUPLICATE_METHOD_MATCH = YES;
				COPY_PHASE_STRIP = NO;
				DEBUG_INFORMATION_FORMAT = dwarf;
				ENABLE_STRICT_OBJC_MSGSEND = YES;
				ENABLE_TESTABILITY = YES;
				GCC_C_LANGUAGE_STANDARD = gnu11;
				GCC_DYNAMIC_NO_PIC = NO;
				GCC_NO_COMMON_BLOCKS = YES;
				GCC_OPTIMIZATION_LEVEL = 0;
				GCC_PREPROCESSOR_DEFINITIONS = (
					"DEBUG=1",
					"$(inherited)",
				);
				GCC_WARN_64_TO_32_BIT_CONVERSION = YES;
				GCC_WARN_ABOUT_RETURN_TYPE = YES_ERROR;
				GCC_WARN_UNDECLARED_SELECTOR = YES;
				GCC_WARN_UNINITIALIZED_AUTOS = YES_AGGRESSIVE;
				GCC_WARN_UNUSED_FUNCTION = YES;
				GCC_WARN_UNUSED_VARIABLE = YES;
				IPHONEOS_DEPLOYMENT_TARGET = 15.0;
				MTL_ENABLE_DEBUG_INFO = INCLUDE_SOURCE;
				MTL_FAST_MATH = YES;
				ONLY_ACTIVE_ARCH = YES;
				SDKROOT = iphoneos;
				SWIFT_ACTIVE_COMPILATION_CONDITIONS = DEBUG;
				SWIFT_OPTIMIZATION_LEVEL = "-Onone";
			};
			name = Debug;
		};
		C283C5EF282220E3000881C5 /* Release */ = {
			isa = XCBuildConfiguration;
			buildSettings = {
				ALWAYS_SEARCH_USER_PATHS = NO;
				CLANG_ANALYZER_NONNULL = YES;
				CLANG_ANALYZER_NUMBER_OBJECT_CONVERSION = YES_AGGRESSIVE;
				CLANG_CXX_LANGUAGE_STANDARD = "gnu++17";
				CLANG_CXX_LIBRARY = "libc++";
				CLANG_ENABLE_MODULES = YES;
				CLANG_ENABLE_OBJC_ARC = YES;
				CLANG_ENABLE_OBJC_WEAK = YES;
				CLANG_WARN_BLOCK_CAPTURE_AUTORELEASING = YES;
				CLANG_WARN_BOOL_CONVERSION = YES;
				CLANG_WARN_COMMA = YES;
				CLANG_WARN_CONSTANT_CONVERSION = YES;
				CLANG_WARN_DEPRECATED_OBJC_IMPLEMENTATIONS = YES;
				CLANG_WARN_DIRECT_OBJC_ISA_USAGE = YES_ERROR;
				CLANG_WARN_DOCUMENTATION_COMMENTS = YES;
				CLANG_WARN_EMPTY_BODY = YES;
				CLANG_WARN_ENUM_CONVERSION = YES;
				CLANG_WARN_INFINITE_RECURSION = YES;
				CLANG_WARN_INT_CONVERSION = YES;
				CLANG_WARN_NON_LITERAL_NULL_CONVERSION = YES;
				CLANG_WARN_OBJC_IMPLICIT_RETAIN_SELF = YES;
				CLANG_WARN_OBJC_LITERAL_CONVERSION = YES;
				CLANG_WARN_OBJC_ROOT_CLASS = YES_ERROR;
				CLANG_WARN_QUOTED_INCLUDE_IN_FRAMEWORK_HEADER = YES;
				CLANG_WARN_RANGE_LOOP_ANALYSIS = YES;
				CLANG_WARN_STRICT_PROTOTYPES = YES;
				CLANG_WARN_SUSPICIOUS_MOVE = YES;
				CLANG_WARN_UNGUARDED_AVAILABILITY = YES_AGGRESSIVE;
				CLANG_WARN_UNREACHABLE_CODE = YES;
				CLANG_WARN__DUPLICATE_METHOD_MATCH = YES;
				COPY_PHASE_STRIP = NO;
				DEBUG_INFORMATION_FORMAT = "dwarf-with-dsym";
				ENABLE_NS_ASSERTIONS = NO;
				ENABLE_STRICT_OBJC_MSGSEND = YES;
				GCC_C_LANGUAGE_STANDARD = gnu11;
				GCC_NO_COMMON_BLOCKS = YES;
				GCC_WARN_64_TO_32_BIT_CONVERSION = YES;
				GCC_WARN_ABOUT_RETURN_TYPE = YES_ERROR;
				GCC_WARN_UNDECLARED_SELECTOR = YES;
				GCC_WARN_UNINITIALIZED_AUTOS = YES_AGGRESSIVE;
				GCC_WARN_UNUSED_FUNCTION = YES;
				GCC_WARN_UNUSED_VARIABLE = YES;
				IPHONEOS_DEPLOYMENT_TARGET = 15.0;
				MTL_ENABLE_DEBUG_INFO = NO;
				MTL_FAST_MATH = YES;
				SDKROOT = iphoneos;
				SWIFT_COMPILATION_MODE = wholemodule;
				SWIFT_OPTIMIZATION_LEVEL = "-O";
				VALIDATE_PRODUCT = YES;
			};
			name = Release;
		};
		C283C5F1282220E3000881C5 /* Debug */ = {
			isa = XCBuildConfiguration;
			buildSettings = {
				ASSETCATALOG_COMPILER_APPICON_NAME = AppIcon;
				ASSETCATALOG_COMPILER_GLOBAL_ACCENT_COLOR_NAME = AccentColor;
				CODE_SIGN_STYLE = Automatic;
				CURRENT_PROJECT_VERSION = 1;
				GENERATE_INFOPLIST_FILE = YES;
				INFOPLIST_FILE = "iOS-MarqueeView/Info.plist";
				INFOPLIST_KEY_UIApplicationSupportsIndirectInputEvents = YES;
				INFOPLIST_KEY_UILaunchStoryboardName = LaunchScreen;
				INFOPLIST_KEY_UIMainStoryboardFile = Main;
				INFOPLIST_KEY_UISupportedInterfaceOrientations_iPad = "UIInterfaceOrientationPortrait UIInterfaceOrientationPortraitUpsideDown UIInterfaceOrientationLandscapeLeft UIInterfaceOrientationLandscapeRight";
				INFOPLIST_KEY_UISupportedInterfaceOrientations_iPhone = "UIInterfaceOrientationPortrait UIInterfaceOrientationLandscapeLeft UIInterfaceOrientationLandscapeRight";
				LD_RUNPATH_SEARCH_PATHS = (
					"$(inherited)",
					"@executable_path/Frameworks",
				);
				MARKETING_VERSION = 1.0;
				PRODUCT_BUNDLE_IDENTIFIER = "LeetcodeSolution.iOS-MarqueeView";
				PRODUCT_NAME = "$(TARGET_NAME)";
				SWIFT_EMIT_LOC_STRINGS = YES;
				SWIFT_VERSION = 5.0;
				TARGETED_DEVICE_FAMILY = "1,2";
			};
			name = Debug;
		};
		C283C5F2282220E3000881C5 /* Release */ = {
			isa = XCBuildConfiguration;
			buildSettings = {
				ASSETCATALOG_COMPILER_APPICON_NAME = AppIcon;
				ASSETCATALOG_COMPILER_GLOBAL_ACCENT_COLOR_NAME = AccentColor;
				CODE_SIGN_STYLE = Automatic;
				CURRENT_PROJECT_VERSION = 1;
				GENERATE_INFOPLIST_FILE = YES;
				INFOPLIST_FILE = "iOS-MarqueeView/Info.plist";
				INFOPLIST_KEY_UIApplicationSupportsIndirectInputEvents = YES;
				INFOPLIST_KEY_UILaunchStoryboardName = LaunchScreen;
				INFOPLIST_KEY_UIMainStoryboardFile = Main;
				INFOPLIST_KEY_UISupportedInterfaceOrientations_iPad = "UIInterfaceOrientationPortrait UIInterfaceOrientationPortraitUpsideDown UIInterfaceOrientationLandscapeLeft UIInterfaceOrientationLandscapeRight";
				INFOPLIST_KEY_UISupportedInterfaceOrientations_iPhone = "UIInterfaceOrientationPortrait UIInterfaceOrientationLandscapeLeft UIInterfaceOrientationLandscapeRight";
				LD_RUNPATH_SEARCH_PATHS = (
					"$(inherited)",
					"@executable_path/Frameworks",
				);
				MARKETING_VERSION = 1.0;
				PRODUCT_BUNDLE_IDENTIFIER = "LeetcodeSolution.iOS-MarqueeView";
				PRODUCT_NAME = "$(TARGET_NAME)";
				SWIFT_EMIT_LOC_STRINGS = YES;
				SWIFT_VERSION = 5.0;
				TARGETED_DEVICE_FAMILY = "1,2";
			};
			name = Release;
		};
/* End XCBuildConfiguration section */

/* Begin XCConfigurationList section */
		C283C5D7282220E1000881C5 /* Build configuration list for PBXProject "iOS-MarqueeView" */ = {
			isa = XCConfigurationList;
			buildConfigurations = (
				C283C5EE282220E3000881C5 /* Debug */,
				C283C5EF282220E3000881C5 /* Release */,
			);
			defaultConfigurationIsVisible = 0;
			defaultConfigurationName = Release;
		};
		C283C5F0282220E3000881C5 /* Build configuration list for PBXNativeTarget "iOS-MarqueeView" */ = {
			isa = XCConfigurationList;
			buildConfigurations = (
				C283C5F1282220E3000881C5 /* Debug */,
				C283C5F2282220E3000881C5 /* Release */,
			);
			defaultConfigurationIsVisible = 0;
			defaultConfigurationName = Release;
		};
/* End XCConfigurationList section */
	};
	rootObject = C283C5D4282220E1000881C5 /* Project object */;
}
